
Microsoft Visual Studio Solution File, Format Version 12.00
# Visual Studio Version 16
VisualStudioVersion = 16.0.31112.23
MinimumVisualStudioVersion = 10.0.40219.1
Project("{9A19103F-16F7-4668-BE54-9A1E7A4F7556}") = "Aritimética2_15", "Aritimética2_15\Aritimética2_15.csproj", "{A57A0217-953B-430E-A10A-648EE2DCE79A}"
EndProject
Project("{FAE04EC0-301F-11D3-BF4B-00C04F79EFBC}") = "ComparandoInteiros2_16", "..\..\..\Documents\GitHub\C-sharp\LivroJavaComoProgramar\ComparandoInteiros2_16\ComparandoInteiros2_16.csproj", "{9AD60230-B56C-42D4-9AAF-2D6056AF2E4A}"
EndProject
Global
	GlobalSection(SolutionConfigurationPlatforms) = preSolution
		Debug|Any CPU = Debug|Any CPU
		Release|Any CPU = Release|Any CPU
	EndGlobalSection
	GlobalSection(ProjectConfigurationPlatforms) = postSolution
		{A57A0217-953B-430E-A10A-648EE2DCE79A}.Debug|Any CPU.ActiveCfg = Debug|Any CPU
		{A57A0217-953B-430E-A10A-648EE2DCE79A}.Debug|Any CPU.Build.0 = Debug|Any CPU
		{A57A0217-953B-430E-A10A-648EE2DCE79A}.Release|Any CPU.ActiveCfg = Release|Any CPU
		{A57A0217-953B-430E-A10A-648EE2DCE79A}.Release|Any CPU.Build.0 = Release|Any CPU
		{9AD60230-B56C-42D4-9AAF-2D6056AF2E4A}.Debug|Any CPU.ActiveCfg = Debug|Any CPU
		{9AD60230-B56C-42D4-9AAF-2D6056AF2E4A}.Debug|Any CPU.Build.0 = Debug|Any CPU
		{9AD60230-B56C-42D4-9AAF-2D6056AF2E4A}.Release|Any CPU.ActiveCfg = Release|Any CPU
		{9AD60230-B56C-42D4-9AAF-2D6056AF2E4A}.Release|Any CPU.Build.0 = Release|Any CPU
	EndGlobalSection
	GlobalSection(SolutionProperties) = preSolution
		HideSolutionNode = FALSE
	EndGlobalSection
	GlobalSection(ExtensibilityGlobals) = postSolution
		SolutionGuid = {727034C5-47EC-4471-9A13-2205E00C9385}
	EndGlobalSection
EndGlobal
