
Microsoft Visual Studio Solution File, Format Version 12.00
# Visual Studio Version 16
VisualStudioVersion = 16.0.31129.286
MinimumVisualStudioVersion = 10.0.40219.1
Project("{9A19103F-16F7-4668-BE54-9A1E7A4F7556}") = "ConsoleApp1", "ConsoleApp1\ConsoleApp1.csproj", "{0215F14C-D12F-42E2-B4AE-D5CA3E311234}"
EndProject
Project("{FAE04EC0-301F-11D3-BF4B-00C04F79EFBC}") = "WinFormsApp1", "WinFormsApp1\WinFormsApp1.csproj", "{C11C9064-884C-4BAE-9DE0-6A069BAFBC11}"
EndProject
Global
	GlobalSection(SolutionConfigurationPlatforms) = preSolution
		Debug|Any CPU = Debug|Any CPU
		Release|Any CPU = Release|Any CPU
	EndGlobalSection
	GlobalSection(ProjectConfigurationPlatforms) = postSolution
		{0215F14C-D12F-42E2-B4AE-D5CA3E311234}.Debug|Any CPU.ActiveCfg = Debug|Any CPU
		{0215F14C-D12F-42E2-B4AE-D5CA3E311234}.Debug|Any CPU.Build.0 = Debug|Any CPU
		{0215F14C-D12F-42E2-B4AE-D5CA3E311234}.Release|Any CPU.ActiveCfg = Release|Any CPU
		{0215F14C-D12F-42E2-B4AE-D5CA3E311234}.Release|Any CPU.Build.0 = Release|Any CPU
		{C11C9064-884C-4BAE-9DE0-6A069BAFBC11}.Debug|Any CPU.ActiveCfg = Debug|Any CPU
		{C11C9064-884C-4BAE-9DE0-6A069BAFBC11}.Debug|Any CPU.Build.0 = Debug|Any CPU
		{C11C9064-884C-4BAE-9DE0-6A069BAFBC11}.Release|Any CPU.ActiveCfg = Release|Any CPU
		{C11C9064-884C-4BAE-9DE0-6A069BAFBC11}.Release|Any CPU.Build.0 = Release|Any CPU
	EndGlobalSection
	GlobalSection(SolutionProperties) = preSolution
		HideSolutionNode = FALSE
	EndGlobalSection
	GlobalSection(ExtensibilityGlobals) = postSolution
		SolutionGuid = {9BA06E61-C662-4AC3-9E83-BBCCEDA5CAE5}
	EndGlobalSection
EndGlobal
