
Microsoft Visual Studio Solution File, Format Version 12.00
# Visual Studio Version 16
VisualStudioVersion = 16.0.31205.134
MinimumVisualStudioVersion = 10.0.40219.1
Project("{FAE04EC0-301F-11D3-BF4B-00C04F79EFBC}") = "SomaComEstruturaFor", "SomaComEstruturaFor\SomaComEstruturaFor.csproj", "{0E4AA724-3396-4029-BF41-75076241F7F2}"
EndProject
Project("{FAE04EC0-301F-11D3-BF4B-00C04F79EFBC}") = "ContandoNumeros", "ContandoNumeros\ContandoNumeros.csproj", "{07ED3DB2-FF2F-4F9A-B4C9-CCBF5AA4B020}"
EndProject
Global
	GlobalSection(SolutionConfigurationPlatforms) = preSolution
		Debug|Any CPU = Debug|Any CPU
		Release|Any CPU = Release|Any CPU
	EndGlobalSection
	GlobalSection(ProjectConfigurationPlatforms) = postSolution
		{0E4AA724-3396-4029-BF41-75076241F7F2}.Debug|Any CPU.ActiveCfg = Debug|Any CPU
		{0E4AA724-3396-4029-BF41-75076241F7F2}.Debug|Any CPU.Build.0 = Debug|Any CPU
		{0E4AA724-3396-4029-BF41-75076241F7F2}.Release|Any CPU.ActiveCfg = Release|Any CPU
		{0E4AA724-3396-4029-BF41-75076241F7F2}.Release|Any CPU.Build.0 = Release|Any CPU
		{07ED3DB2-FF2F-4F9A-B4C9-CCBF5AA4B020}.Debug|Any CPU.ActiveCfg = Debug|Any CPU
		{07ED3DB2-FF2F-4F9A-B4C9-CCBF5AA4B020}.Debug|Any CPU.Build.0 = Debug|Any CPU
		{07ED3DB2-FF2F-4F9A-B4C9-CCBF5AA4B020}.Release|Any CPU.ActiveCfg = Release|Any CPU
		{07ED3DB2-FF2F-4F9A-B4C9-CCBF5AA4B020}.Release|Any CPU.Build.0 = Release|Any CPU
	EndGlobalSection
	GlobalSection(SolutionProperties) = preSolution
		HideSolutionNode = FALSE
	EndGlobalSection
	GlobalSection(ExtensibilityGlobals) = postSolution
		SolutionGuid = {AB4EA490-C0C5-4C19-97A0-24FA6037DA62}
	EndGlobalSection
EndGlobal
