
Microsoft Visual Studio Solution File, Format Version 12.00
# Visual Studio Version 16
VisualStudioVersion = 16.0.31112.23
MinimumVisualStudioVersion = 10.0.40219.1
Project("{FAE04EC0-301F-11D3-BF4B-00C04F79EFBC}") = "ComparandoInteiros2_16", "ComparandoInteiros2_16\ComparandoInteiros2_16.csproj", "{C80146C5-5ED6-49B1-97EA-4AE529BF10E4}"
EndProject
Project("{FAE04EC0-301F-11D3-BF4B-00C04F79EFBC}") = "AritimeticaMaiorMenor2_17", "AritimeticaMaiorMenor2_17\AritimeticaMaiorMenor2_17.csproj", "{EBB57119-6DDB-45DC-99F2-CA640B5E25B9}"
EndProject
Project("{FAE04EC0-301F-11D3-BF4B-00C04F79EFBC}") = "InteirosMaioresMenores2_24", "InteirosMaioresMenores2_24\InteirosMaioresMenores2_24.csproj", "{6F0BBE66-AC90-4247-81DF-98A2A9BDB21A}"
EndProject
Global
	GlobalSection(SolutionConfigurationPlatforms) = preSolution
		Debug|Any CPU = Debug|Any CPU
		Release|Any CPU = Release|Any CPU
	EndGlobalSection
	GlobalSection(ProjectConfigurationPlatforms) = postSolution
		{C80146C5-5ED6-49B1-97EA-4AE529BF10E4}.Debug|Any CPU.ActiveCfg = Debug|Any CPU
		{C80146C5-5ED6-49B1-97EA-4AE529BF10E4}.Debug|Any CPU.Build.0 = Debug|Any CPU
		{C80146C5-5ED6-49B1-97EA-4AE529BF10E4}.Release|Any CPU.ActiveCfg = Release|Any CPU
		{C80146C5-5ED6-49B1-97EA-4AE529BF10E4}.Release|Any CPU.Build.0 = Release|Any CPU
		{EBB57119-6DDB-45DC-99F2-CA640B5E25B9}.Debug|Any CPU.ActiveCfg = Debug|Any CPU
		{EBB57119-6DDB-45DC-99F2-CA640B5E25B9}.Debug|Any CPU.Build.0 = Debug|Any CPU
		{EBB57119-6DDB-45DC-99F2-CA640B5E25B9}.Release|Any CPU.ActiveCfg = Release|Any CPU
		{EBB57119-6DDB-45DC-99F2-CA640B5E25B9}.Release|Any CPU.Build.0 = Release|Any CPU
		{6F0BBE66-AC90-4247-81DF-98A2A9BDB21A}.Debug|Any CPU.ActiveCfg = Debug|Any CPU
		{6F0BBE66-AC90-4247-81DF-98A2A9BDB21A}.Debug|Any CPU.Build.0 = Debug|Any CPU
		{6F0BBE66-AC90-4247-81DF-98A2A9BDB21A}.Release|Any CPU.ActiveCfg = Release|Any CPU
		{6F0BBE66-AC90-4247-81DF-98A2A9BDB21A}.Release|Any CPU.Build.0 = Release|Any CPU
	EndGlobalSection
	GlobalSection(SolutionProperties) = preSolution
		HideSolutionNode = FALSE
	EndGlobalSection
	GlobalSection(ExtensibilityGlobals) = postSolution
		SolutionGuid = {F6118A70-43B1-40EE-8391-A4C6630363D9}
	EndGlobalSection
EndGlobal
